
Microsoft Visual Studio Solution File, Format Version 12.00
# Visual Studio Version 16
VisualStudioVersion = 16.0.31729.503
MinimumVisualStudioVersion = 10.0.40219.1
Project("{FAE04EC0-301F-11D3-BF4B-00C04F79EFBC}") = "PolicyService", "PolicyService\PolicyService.csproj", "{A7DAF34F-719D-473C-9574-188C9980EC64}"
EndProject
Global
	GlobalSection(SolutionConfigurationPlatforms) = preSolution
		Debug|Any CPU = Debug|Any CPU
		Release|Any CPU = Release|Any CPU
	EndGlobalSection
	GlobalSection(ProjectConfigurationPlatforms) = postSolution
		{A7DAF34F-719D-473C-9574-188C9980EC64}.Debug|Any CPU.ActiveCfg = Debug|Any CPU
		{A7DAF34F-719D-473C-9574-188C9980EC64}.Debug|Any CPU.Build.0 = Debug|Any CPU
		{A7DAF34F-719D-473C-9574-188C9980EC64}.Release|Any CPU.ActiveCfg = Release|Any CPU
		{A7DAF34F-719D-473C-9574-188C9980EC64}.Release|Any CPU.Build.0 = Release|Any CPU
	EndGlobalSection
	GlobalSection(SolutionProperties) = preSolution
		HideSolutionNode = FALSE
	EndGlobalSection
	GlobalSection(ExtensibilityGlobals) = postSolution
		SolutionGuid = {A02A4BB1-83FF-4198-BACE-E55261E6BB7D}
	EndGlobalSection
EndGlobal
